
Microsoft Visual Studio Solution File, Format Version 12.00
# Visual Studio Version 17
VisualStudioVersion = 17.11.35312.102
MinimumVisualStudioVersion = 10.0.40219.1
Project("{FAE04EC0-301F-11D3-BF4B-00C04F79EFBC}") = "EjercicioHerencia", "EjercicioHerencia\EjercicioHerencia.csproj", "{D02507B4-8407-4779-AABB-0D8D1630D0D6}"
EndProject
Global
	GlobalSection(SolutionConfigurationPlatforms) = preSolution
		Debug|Any CPU = Debug|Any CPU
		Release|Any CPU = Release|Any CPU
	EndGlobalSection
	GlobalSection(ProjectConfigurationPlatforms) = postSolution
		{D02507B4-8407-4779-AABB-0D8D1630D0D6}.Debug|Any CPU.ActiveCfg = Debug|Any CPU
		{D02507B4-8407-4779-AABB-0D8D1630D0D6}.Debug|Any CPU.Build.0 = Debug|Any CPU
		{D02507B4-8407-4779-AABB-0D8D1630D0D6}.Release|Any CPU.ActiveCfg = Release|Any CPU
		{D02507B4-8407-4779-AABB-0D8D1630D0D6}.Release|Any CPU.Build.0 = Release|Any CPU
	EndGlobalSection
	GlobalSection(SolutionProperties) = preSolution
		HideSolutionNode = FALSE
	EndGlobalSection
	GlobalSection(ExtensibilityGlobals) = postSolution
		SolutionGuid = {8218C342-5DDE-4466-9096-4430AE005F18}
	EndGlobalSection
EndGlobal
